
Microsoft Visual Studio Solution File, Format Version 12.00
# Visual Studio Version 17
VisualStudioVersion = 17.14.36414.22 d17.14
MinimumVisualStudioVersion = 10.0.40219.1
Project("{FAE04EC0-301F-11D3-BF4B-00C04F79EFBC}") = "login&Register", "login&Register.csproj", "{12D7098B-02EC-458F-B59E-CE128CA9751B}"
EndProject
Global
	GlobalSection(SolutionConfigurationPlatforms) = preSolution
		Debug|Any CPU = Debug|Any CPU
		Release|Any CPU = Release|Any CPU
	EndGlobalSection
	GlobalSection(ProjectConfigurationPlatforms) = postSolution
		{12D7098B-02EC-458F-B59E-CE128CA9751B}.Debug|Any CPU.ActiveCfg = Debug|Any CPU
		{12D7098B-02EC-458F-B59E-CE128CA9751B}.Debug|Any CPU.Build.0 = Debug|Any CPU
		{12D7098B-02EC-458F-B59E-CE128CA9751B}.Release|Any CPU.ActiveCfg = Release|Any CPU
		{12D7098B-02EC-458F-B59E-CE128CA9751B}.Release|Any CPU.Build.0 = Release|Any CPU
	EndGlobalSection
	GlobalSection(SolutionProperties) = preSolution
		HideSolutionNode = FALSE
	EndGlobalSection
	GlobalSection(ExtensibilityGlobals) = postSolution
		SolutionGuid = {4F213CA4-CF7C-418B-97BD-057AA79D11DF}
	EndGlobalSection
EndGlobal
